{
  "name": "platformsh-docs",
  "version": "1.0.0",
  "lockfileVersion": 1,
  "requires": true,
  "dependencies": {
    "atob": {
      "version": "2.0.3",
      "resolved": "https://registry.npmjs.org/atob/-/atob-2.0.3.tgz",
      "integrity": "sha1-GcenYEc3dEaPILLS0DNyrX1Mv10="
    },
    "basename": {
      "version": "0.1.2",
      "resolved": "https://registry.npmjs.org/basename/-/basename-0.1.2.tgz",
      "integrity": "sha1-1gOb75OYYxYMeASMztPF5/iMsmE="
    },
    "copy-to-clipboard": {
      "version": "3.0.8",
      "resolved": "https://registry.npmjs.org/copy-to-clipboard/-/copy-to-clipboard-3.0.8.tgz",
      "integrity": "sha512-c3GdeY8qxCHGezVb1EFQfHYK/8NZRemgcTIzPq7PuxjHAf/raKibn2QdhHPb/y6q74PMgH6yizaDZlRmw6QyKw==",
      "requires": {
        "toggle-selection": "1.0.6"
      }
    },
    "detect-node": {
      "version": "2.0.3",
      "resolved": "https://registry.npmjs.org/detect-node/-/detect-node-2.0.3.tgz",
      "integrity": "sha1-ogM8CcyOFY03dI+951B4Mr1s4Sc="
    },
    "email-validator": {
      "version": "1.1.1",
      "resolved": "https://registry.npmjs.org/email-validator/-/email-validator-1.1.1.tgz",
      "integrity": "sha512-vkcJJZEb7JXDY883Nx1Lkmb6noM3j1SfSt8L9tVFhZPnPQiFq+Nkd5evc77+tRVS4ChTUSr34voThsglI/ja/A=="
    },
    "encoding": {
      "version": "0.1.12",
      "resolved": "https://registry.npmjs.org/encoding/-/encoding-0.1.12.tgz",
      "integrity": "sha1-U4tm8+5izRq1HsMjgp0flIDHS+s=",
      "requires": {
        "iconv-lite": "0.4.19"
      }
    },
    "es6-promise": {
      "version": "4.2.4",
      "resolved": "https://registry.npmjs.org/es6-promise/-/es6-promise-4.2.4.tgz",
      "integrity": "sha512-/NdNZVJg+uZgtm9eS3O6lrOLYmQag2DjdEXuPaHlZ6RuVqgqaVZfgYCepEIKsLqwdQArOPtC3XzRLqGGfT8KQQ=="
    },
    "iconv-lite": {
      "version": "0.4.19",
      "resolved": "https://registry.npmjs.org/iconv-lite/-/iconv-lite-0.4.19.tgz",
      "integrity": "sha512-oTZqweIP51xaGPI4uPa56/Pri/480R+mo7SeU+YETByQNhDG55ycFyNLIgta9vXhILrxXDmF7ZGhqZIcuN0gJQ=="
    },
    "is-scalar": {
      "version": "1.0.2",
      "resolved": "https://registry.npmjs.org/is-scalar/-/is-scalar-1.0.2.tgz",
      "integrity": "sha1-Y3XOLLBww/sfLQqb8poatJQ3tx8="
    },
    "is-stream": {
      "version": "1.1.0",
      "resolved": "https://registry.npmjs.org/is-stream/-/is-stream-1.1.0.tgz",
      "integrity": "sha1-EtSj3U5o4Lec6428hBc66A2RykQ="
    },
    "is-url": {
      "version": "1.2.2",
      "resolved": "https://registry.npmjs.org/is-url/-/is-url-1.2.2.tgz",
      "integrity": "sha1-SYkFpZO/R8wtnn9zg3K792lsfyY="
    },
    "isobject": {
      "version": "3.0.1",
      "resolved": "https://registry.npmjs.org/isobject/-/isobject-3.0.1.tgz",
      "integrity": "sha1-TkMekrEalzFjaqH5yNHMvP2reN8="
    },
    "isomorphic-fetch": {
      "version": "2.2.1",
      "resolved": "https://registry.npmjs.org/isomorphic-fetch/-/isomorphic-fetch-2.2.1.tgz",
      "integrity": "sha1-YRrhrPFPXoH3KVB0coGf6XM1WKk=",
      "requires": {
        "node-fetch": "1.7.3",
        "whatwg-fetch": "2.0.3"
      }
    },
    "node-fetch": {
      "version": "1.7.3",
      "resolved": "https://registry.npmjs.org/node-fetch/-/node-fetch-1.7.3.tgz",
      "integrity": "sha512-NhZ4CsKx7cYm2vSrBAr2PvFOe6sWDf0UYLRqA6svUYg7+/TSfVAu49jYC4BvQ4Sms9SZgdqGBgroqfDhJdTyKQ==",
      "requires": {
        "encoding": "0.1.12",
        "is-stream": "1.1.0"
      }
    },
    "object.pick": {
      "version": "1.3.0",
      "resolved": "https://registry.npmjs.org/object.pick/-/object.pick-1.3.0.tgz",
      "integrity": "sha1-h6EKxMFpS9Lhy/U1kaZhQftd10c=",
      "requires": {
        "isobject": "3.0.1"
      }
    },
    "parse_url": {
      "version": "0.1.1",
      "resolved": "https://registry.npmjs.org/parse_url/-/parse_url-0.1.1.tgz",
      "integrity": "sha1-EGa5HI4eSGZa0p6MtpfBQw+K4Bg="
    },
    "platformsh-client": {
      "version": "0.1.29",
      "resolved": "https://registry.npmjs.org/platformsh-client/-/platformsh-client-0.1.29.tgz",
      "integrity": "sha1-AqUElf4dMcWOtX17gz2g3GZMyHk=",
      "requires": {
        "atob": "2.0.3",
        "basename": "0.1.2",
        "detect-node": "2.0.3",
        "email-validator": "1.1.1",
        "es6-promise": "4.2.4",
        "is-scalar": "1.0.2",
        "is-url": "1.2.2",
        "isomorphic-fetch": "2.2.1",
        "object.pick": "1.3.0",
        "parse_url": "0.1.1",
        "slugify": "1.2.9",
        "to-querystring": "1.0.4",
        "url-pattern": "1.0.3"
      }
    },
    "platformsh-user-widget": {
      "version": "1.0.38",
      "resolved": "https://registry.npmjs.org/platformsh-user-widget/-/platformsh-user-widget-1.0.38.tgz",
      "integrity": "sha1-DYwEVWCmrlUOlsnYHX0zaxfqHLw=",
      "requires": {
        "copy-to-clipboard": "3.0.8",
        "platformsh-client": "0.1.29",
        "preact": "8.2.7",
        "to-querystring": "1.0.4"
      }
    },
    "preact": {
      "version": "8.2.7",
      "resolved": "https://registry.npmjs.org/preact/-/preact-8.2.7.tgz",
      "integrity": "sha512-m34Ke8U32HyKRVzUOCAcaiIBLR2ye6syiuRclU5DxyixDPDFqdLbIElhERBrF6gDbPKQR+Vpv5bZ9CCbvN6pdQ=="
    },
    "slugify": {
      "version": "1.2.9",
      "resolved": "https://registry.npmjs.org/slugify/-/slugify-1.2.9.tgz",
      "integrity": "sha512-n0cdJ+kN3slJu8SbZXt/EHjljBqF6MxvMGSg/NPpBzoY7yyXoH38wp/ox20a1JaG1KgmdTN5Lf3aS9+xB2Y2aQ=="
    },
    "to-querystring": {
      "version": "1.0.4",
      "resolved": "https://registry.npmjs.org/to-querystring/-/to-querystring-1.0.4.tgz",
      "integrity": "sha1-F0VLefRbMRam9/07FTsB5rwGO5Y="
    },
    "toggle-selection": {
      "version": "1.0.6",
      "resolved": "https://registry.npmjs.org/toggle-selection/-/toggle-selection-1.0.6.tgz",
      "integrity": "sha1-bkWxJj8gF/oKzH2J14sVuL932jI="
    },
    "url-pattern": {
      "version": "1.0.3",
      "resolved": "https://registry.npmjs.org/url-pattern/-/url-pattern-1.0.3.tgz",
      "integrity": "sha1-BAkpJHGyTyPFDWWkeTF5PStaz8E="
    },
    "whatwg-fetch": {
      "version": "2.0.3",
      "resolved": "https://registry.npmjs.org/whatwg-fetch/-/whatwg-fetch-2.0.3.tgz",
      "integrity": "sha1-nITsLc9oGH/wC8ZOEnS0QhduHIQ="
    }
  }
}
