{
  "name": "platformsh-docs",
  "version": "1.0.0",
  "lockfileVersion": 1,
  "requires": true,
  "dependencies": {
    "aria-query": {
      "version": "3.0.0",
      "resolved": "https://registry.npmjs.org/aria-query/-/aria-query-3.0.0.tgz",
      "integrity": "sha1-ZbP8wcoRVajJrmTW7uKX8V1RM8w=",
      "requires": {
        "ast-types-flow": "0.0.7",
        "commander": "^2.11.0"
      }
    },
    "array-includes": {
      "version": "3.0.3",
      "resolved": "https://registry.npmjs.org/array-includes/-/array-includes-3.0.3.tgz",
      "integrity": "sha1-GEtI9i2S10UrsxsyMWXH+L0CJm0=",
      "requires": {
        "define-properties": "^1.1.2",
        "es-abstract": "^1.7.0"
      }
    },
    "ast-types-flow": {
      "version": "0.0.7",
      "resolved": "https://registry.npmjs.org/ast-types-flow/-/ast-types-flow-0.0.7.tgz",
      "integrity": "sha1-9wtzXGvKGlycItmCw+Oef+ujva0="
    },
    "atob": {
      "version": "2.1.2",
      "resolved": "https://registry.npmjs.org/atob/-/atob-2.1.2.tgz",
      "integrity": "sha512-Wm6ukoaOGJi/73p/cl2GvLjTI5JM1k/O14isD73YML8StrH/7/lRFgmg8nICZgD3bZZvjwCGxtMOD3wWNAu8cg=="
    },
    "axobject-query": {
      "version": "2.0.2",
      "resolved": "https://registry.npmjs.org/axobject-query/-/axobject-query-2.0.2.tgz",
      "integrity": "sha512-MCeek8ZH7hKyO1rWUbKNQBbl4l2eY0ntk7OGi+q0RlafrCnfPxC06WZA+uebCfmYp4mNU9jRBP1AhGyf8+W3ww==",
      "requires": {
        "ast-types-flow": "0.0.7"
      }
    },
    "babel-polyfill": {
      "version": "6.26.0",
      "resolved": "https://registry.npmjs.org/babel-polyfill/-/babel-polyfill-6.26.0.tgz",
      "integrity": "sha1-N5k3q8Z9eJWXCtxiHyhM2WbPIVM=",
      "requires": {
        "babel-runtime": "^6.26.0",
        "core-js": "^2.5.0",
        "regenerator-runtime": "^0.10.5"
      }
    },
    "babel-runtime": {
      "version": "6.26.0",
      "resolved": "https://registry.npmjs.org/babel-runtime/-/babel-runtime-6.26.0.tgz",
      "integrity": "sha1-llxwWGaOgrVde/4E/yM3vItWR/4=",
      "requires": {
        "core-js": "^2.4.0",
        "regenerator-runtime": "^0.11.0"
      },
      "dependencies": {
        "regenerator-runtime": {
          "version": "0.11.1",
          "resolved": "https://registry.npmjs.org/regenerator-runtime/-/regenerator-runtime-0.11.1.tgz",
          "integrity": "sha512-MguG95oij0fC3QV3URf4V2SDYGJhJnJGqvIIgdECeODCT98wSWDAJ94SSuVpYQUoTcGUIL6L4yNB7j1DFFHSBg=="
        }
      }
    },
    "basename": {
      "version": "0.1.2",
      "resolved": "https://registry.npmjs.org/basename/-/basename-0.1.2.tgz",
      "integrity": "sha1-1gOb75OYYxYMeASMztPF5/iMsmE="
    },
    "commander": {
      "version": "2.19.0",
      "resolved": "https://registry.npmjs.org/commander/-/commander-2.19.0.tgz",
      "integrity": "sha512-6tvAOO+D6OENvRAh524Dh9jcfKTYDQAqvqezbCW82xj5X0pSrcpxtvRKHLG0yBY6SD7PSDrJaj+0AiOcKVd1Xg=="
    },
    "copy-to-clipboard": {
      "version": "3.0.8",
      "resolved": "https://registry.npmjs.org/copy-to-clipboard/-/copy-to-clipboard-3.0.8.tgz",
      "integrity": "sha512-c3GdeY8qxCHGezVb1EFQfHYK/8NZRemgcTIzPq7PuxjHAf/raKibn2QdhHPb/y6q74PMgH6yizaDZlRmw6QyKw==",
      "requires": {
        "toggle-selection": "^1.0.3"
      }
    },
    "core-js": {
      "version": "2.6.5",
      "resolved": "https://registry.npmjs.org/core-js/-/core-js-2.6.5.tgz",
      "integrity": "sha512-klh/kDpwX8hryYL14M9w/xei6vrv6sE8gTHDG7/T/+SEovB/G4ejwcfE/CBzO6Edsu+OETZMZ3wcX/EjUkrl5A=="
    },
    "damerau-levenshtein": {
      "version": "1.0.4",
      "resolved": "https://registry.npmjs.org/damerau-levenshtein/-/damerau-levenshtein-1.0.4.tgz",
      "integrity": "sha1-AxkcQyy27qFou3fzpV/9zLiXhRQ="
    },
    "define-properties": {
      "version": "1.1.3",
      "resolved": "https://registry.npmjs.org/define-properties/-/define-properties-1.1.3.tgz",
      "integrity": "sha512-3MqfYKj2lLzdMSf8ZIZE/V+Zuy+BgD6f164e8K2w7dgnpKArBDerGYpM46IYYcjnkdPNMjPk9A6VFB8+3SKlXQ==",
      "requires": {
        "object-keys": "^1.0.12"
      }
    },
    "detect-node": {
      "version": "2.0.4",
      "resolved": "https://registry.npmjs.org/detect-node/-/detect-node-2.0.4.tgz",
      "integrity": "sha512-ZIzRpLJrOj7jjP2miAtgqIfmzbxa4ZOr5jJc601zklsfEx9oTzmmj2nVpIPRpNlRTIh8lc1kyViIY7BWSGNmKw=="
    },
    "email-validator": {
      "version": "1.2.3",
      "resolved": "https://registry.npmjs.org/email-validator/-/email-validator-1.2.3.tgz",
      "integrity": "sha512-WZmY6vj6bAWUzr1P2OmRkw4E3FWwdnKxWG/Ssfvr+kp+0leuXzsX2EHNwjg8+KW2DfAiFWiV+jn5n1P7TlE7lw=="
    },
    "emoji-regex": {
      "version": "7.0.3",
      "resolved": "https://registry.npmjs.org/emoji-regex/-/emoji-regex-7.0.3.tgz",
      "integrity": "sha512-CwBLREIQ7LvYFB0WyRvwhq5N5qPhc6PMjD6bYggFlI5YyDgl+0vxq5VHbMOFqLg7hfWzmu8T5Z1QofhmTIhItA=="
    },
    "encoding": {
      "version": "0.1.12",
      "resolved": "https://registry.npmjs.org/encoding/-/encoding-0.1.12.tgz",
      "integrity": "sha1-U4tm8+5izRq1HsMjgp0flIDHS+s=",
      "requires": {
        "iconv-lite": "~0.4.13"
      }
    },
    "es-abstract": {
      "version": "1.13.0",
      "resolved": "https://registry.npmjs.org/es-abstract/-/es-abstract-1.13.0.tgz",
      "integrity": "sha512-vDZfg/ykNxQVwup/8E1BZhVzFfBxs9NqMzGcvIJrqg5k2/5Za2bWo40dK2J1pgLngZ7c+Shh8lwYtLGyrwPutg==",
      "requires": {
        "es-to-primitive": "^1.2.0",
        "function-bind": "^1.1.1",
        "has": "^1.0.3",
        "is-callable": "^1.1.4",
        "is-regex": "^1.0.4",
        "object-keys": "^1.0.12"
      }
    },
    "es-to-primitive": {
      "version": "1.2.0",
      "resolved": "https://registry.npmjs.org/es-to-primitive/-/es-to-primitive-1.2.0.tgz",
      "integrity": "sha512-qZryBOJjV//LaxLTV6UC//WewneB3LcXOL9NP++ozKVXsIIIpm/2c13UDiD9Jp2eThsecw9m3jPqDwTyobcdbg==",
      "requires": {
        "is-callable": "^1.1.4",
        "is-date-object": "^1.0.1",
        "is-symbol": "^1.0.2"
      }
    },
    "es6-promise": {
      "version": "4.2.6",
      "resolved": "https://registry.npmjs.org/es6-promise/-/es6-promise-4.2.6.tgz",
      "integrity": "sha512-aRVgGdnmW2OiySVPUC9e6m+plolMAJKjZnQlCwNSuK5yQ0JN61DZSO1X1Ufd1foqWRAlig0rhduTCHe7sVtK5Q=="
    },
    "eslint-plugin-jsx-a11y": {
      "version": "6.2.1",
      "resolved": "https://registry.npmjs.org/eslint-plugin-jsx-a11y/-/eslint-plugin-jsx-a11y-6.2.1.tgz",
      "integrity": "sha512-cjN2ObWrRz0TTw7vEcGQrx+YltMvZoOEx4hWU8eEERDnBIU00OTq7Vr+jA7DFKxiwLNv4tTh5Pq2GUNEa8b6+w==",
      "requires": {
        "aria-query": "^3.0.0",
        "array-includes": "^3.0.3",
        "ast-types-flow": "^0.0.7",
        "axobject-query": "^2.0.2",
        "damerau-levenshtein": "^1.0.4",
        "emoji-regex": "^7.0.2",
        "has": "^1.0.3",
        "jsx-ast-utils": "^2.0.1"
      }
    },
    "function-bind": {
      "version": "1.1.1",
      "resolved": "https://registry.npmjs.org/function-bind/-/function-bind-1.1.1.tgz",
      "integrity": "sha512-yIovAzMX49sF8Yl58fSCWJ5svSLuaibPxXQJFLmBObTuCr0Mf1KiPopGM9NiFjiYBCbfaa2Fh6breQ6ANVTI0A=="
    },
    "has": {
      "version": "1.0.3",
      "resolved": "https://registry.npmjs.org/has/-/has-1.0.3.tgz",
      "integrity": "sha512-f2dvO0VU6Oej7RkWJGrehjbzMAjFp5/VKPp5tTpWIV4JHHZK1/BxbFRtf/siA2SWTe09caDmVtYYzWEIbBS4zw==",
      "requires": {
        "function-bind": "^1.1.1"
      }
    },
    "has-symbols": {
      "version": "1.0.0",
      "resolved": "https://registry.npmjs.org/has-symbols/-/has-symbols-1.0.0.tgz",
      "integrity": "sha1-uhqPGvKg/DllD1yFA2dwQSIGO0Q="
    },
    "iconv-lite": {
      "version": "0.4.24",
      "resolved": "https://registry.npmjs.org/iconv-lite/-/iconv-lite-0.4.24.tgz",
      "integrity": "sha512-v3MXnZAcvnywkTUEZomIActle7RXXeedOR31wwl7VlyoXO4Qi9arvSenNQWne1TcRwhCL1HwLI21bEqdpj8/rA==",
      "requires": {
        "safer-buffer": ">= 2.1.2 < 3"
      }
    },
    "is-callable": {
      "version": "1.1.4",
      "resolved": "https://registry.npmjs.org/is-callable/-/is-callable-1.1.4.tgz",
      "integrity": "sha512-r5p9sxJjYnArLjObpjA4xu5EKI3CuKHkJXMhT7kwbpUyIFD1n5PMAsoPvWnvtZiNz7LjkYDRZhd7FlI0eMijEA=="
    },
    "is-date-object": {
      "version": "1.0.1",
      "resolved": "https://registry.npmjs.org/is-date-object/-/is-date-object-1.0.1.tgz",
      "integrity": "sha1-mqIOtq7rv/d/vTPnTKAbM1gdOhY="
    },
    "is-regex": {
      "version": "1.0.4",
      "resolved": "https://registry.npmjs.org/is-regex/-/is-regex-1.0.4.tgz",
      "integrity": "sha1-VRdIm1RwkbCTDglWVM7SXul+lJE=",
      "requires": {
        "has": "^1.0.1"
      }
    },
    "is-scalar": {
      "version": "1.0.2",
      "resolved": "https://registry.npmjs.org/is-scalar/-/is-scalar-1.0.2.tgz",
      "integrity": "sha1-Y3XOLLBww/sfLQqb8poatJQ3tx8="
    },
    "is-stream": {
      "version": "1.1.0",
      "resolved": "https://registry.npmjs.org/is-stream/-/is-stream-1.1.0.tgz",
      "integrity": "sha1-EtSj3U5o4Lec6428hBc66A2RykQ="
    },
    "is-symbol": {
      "version": "1.0.2",
      "resolved": "https://registry.npmjs.org/is-symbol/-/is-symbol-1.0.2.tgz",
      "integrity": "sha512-HS8bZ9ox60yCJLH9snBpIwv9pYUAkcuLhSA1oero1UB5y9aiQpRA8y2ex945AOtCZL1lJDeIk3G5LthswI46Lw==",
      "requires": {
        "has-symbols": "^1.0.0"
      }
    },
    "is-url": {
      "version": "1.2.4",
      "resolved": "https://registry.npmjs.org/is-url/-/is-url-1.2.4.tgz",
      "integrity": "sha512-ITvGim8FhRiYe4IQ5uHSkj7pVaPDrCTkNd3yq3cV7iZAcJdHTUMPMEHcqSOy9xZ9qFenQCvi+2wjH9a1nXqHww=="
    },
    "isobject": {
      "version": "3.0.1",
      "resolved": "https://registry.npmjs.org/isobject/-/isobject-3.0.1.tgz",
      "integrity": "sha1-TkMekrEalzFjaqH5yNHMvP2reN8="
    },
    "isomorphic-fetch": {
      "version": "2.2.1",
      "resolved": "https://registry.npmjs.org/isomorphic-fetch/-/isomorphic-fetch-2.2.1.tgz",
      "integrity": "sha1-YRrhrPFPXoH3KVB0coGf6XM1WKk=",
      "requires": {
        "node-fetch": "^1.0.1",
        "whatwg-fetch": ">=0.10.0"
      }
    },
    "jsx-ast-utils": {
      "version": "2.0.1",
      "resolved": "https://registry.npmjs.org/jsx-ast-utils/-/jsx-ast-utils-2.0.1.tgz",
      "integrity": "sha1-6AGxs5mF4g//yHtA43SAgOLcrH8=",
      "requires": {
        "array-includes": "^3.0.3"
      }
    },
    "node-fetch": {
      "version": "1.7.3",
      "resolved": "https://registry.npmjs.org/node-fetch/-/node-fetch-1.7.3.tgz",
      "integrity": "sha512-NhZ4CsKx7cYm2vSrBAr2PvFOe6sWDf0UYLRqA6svUYg7+/TSfVAu49jYC4BvQ4Sms9SZgdqGBgroqfDhJdTyKQ==",
      "requires": {
        "encoding": "^0.1.11",
        "is-stream": "^1.0.1"
      }
    },
    "object-keys": {
      "version": "1.1.0",
      "resolved": "https://registry.npmjs.org/object-keys/-/object-keys-1.1.0.tgz",
      "integrity": "sha512-6OO5X1+2tYkNyNEx6TsCxEqFfRWaqx6EtMiSbGrw8Ob8v9Ne+Hl8rBAgLBZn5wjEz3s/s6U1WXFUFOcxxAwUpg=="
    },
    "object.pick": {
      "version": "1.3.0",
      "resolved": "https://registry.npmjs.org/object.pick/-/object.pick-1.3.0.tgz",
      "integrity": "sha1-h6EKxMFpS9Lhy/U1kaZhQftd10c=",
      "requires": {
        "isobject": "^3.0.1"
      }
    },
    "parse_url": {
      "version": "0.1.1",
      "resolved": "https://registry.npmjs.org/parse_url/-/parse_url-0.1.1.tgz",
      "integrity": "sha1-EGa5HI4eSGZa0p6MtpfBQw+K4Bg="
    },
    "platformsh-client": {
      "version": "0.1.95",
      "resolved": "https://registry.npmjs.org/platformsh-client/-/platformsh-client-0.1.95.tgz",
      "integrity": "sha512-Zdp7gk6kYYH7hEa/Ra9dq1F58xDSfDp9fjJgq947GubtUvonrExDPCXxXXuY+NBxQxpG+kGsjWLxltKM/d5M/w==",
      "requires": {
        "atob": "^2.0.3",
        "babel-polyfill": "^6.26.0",
        "babel-runtime": "^6.26.0",
        "basename": "^0.1.2",
        "detect-node": "^2.0.3",
        "email-validator": "^1.0.7",
        "es6-promise": "^4.1.0",
        "is-scalar": "^1.0.2",
        "is-url": "^1.2.2",
        "isomorphic-fetch": "^2.2.1",
        "object.pick": "^1.2.0",
        "parse_url": "^0.1.1",
        "slugify": "^1.1.0",
        "to-querystring": "^1.0.4",
        "url-pattern": "^1.0.3"
      }
    },
    "platformsh-user-widget": {
      "version": "1.0.49",
      "resolved": "https://registry.npmjs.org/platformsh-user-widget/-/platformsh-user-widget-1.0.49.tgz",
      "integrity": "sha512-IBGKHvfkwmewb6EH2QpebFCvtP48HyQ4l8cVL09MGCZHE7pNLrW8972mwd0xpDvVlKWysz+Qz1piQSQDSfGpIQ==",
      "requires": {
        "copy-to-clipboard": "^3.0.8",
        "eslint-plugin-jsx-a11y": "^6.1.1",
        "platformsh-client": "^0.1.15",
        "preact": "^8.2.5",
        "to-querystring": "^1.0.4"
      }
    },
    "preact": {
      "version": "8.4.2",
      "resolved": "https://registry.npmjs.org/preact/-/preact-8.4.2.tgz",
      "integrity": "sha512-TsINETWiisfB6RTk0wh3/mvxbGRvx+ljeBccZ4Z6MPFKgu/KFGyf2Bmw3Z/jlXhL5JlNKY6QAbA9PVyzIy9//A=="
    },
    "pshconfig-generator": {
      "version": "file:src/scripts/pshconfig-generator",
      "dependencies": {
        "@babel/code-frame": {
          "version": "7.5.5",
          "bundled": true,
          "requires": {
            "@babel/highlight": "^7.0.0"
          }
        },
        "@babel/highlight": {
          "version": "7.5.0",
          "bundled": true,
          "requires": {
            "chalk": "^2.0.0",
            "esutils": "^2.0.2",
            "js-tokens": "^4.0.0"
          }
        },
        "acorn": {
          "version": "6.3.0",
          "bundled": true
        },
        "acorn-jsx": {
          "version": "5.0.1",
          "bundled": true
        },
        "ajv": {
          "version": "6.10.2",
          "bundled": true,
          "requires": {
            "fast-deep-equal": "^2.0.1",
            "fast-json-stable-stringify": "^2.0.0",
            "json-schema-traverse": "^0.4.1",
            "uri-js": "^4.2.2"
          }
        },
        "ansi-colors": {
          "version": "3.2.3",
          "bundled": true
        },
        "ansi-escapes": {
          "version": "4.2.1",
          "bundled": true,
          "requires": {
            "type-fest": "^0.5.2"
          }
        },
        "ansi-regex": {
          "version": "4.1.0",
          "bundled": true
        },
        "ansi-styles": {
          "version": "3.2.1",
          "bundled": true,
          "requires": {
            "color-convert": "^1.9.0"
          }
        },
        "argparse": {
          "version": "1.0.10",
          "bundled": true,
          "requires": {
            "sprintf-js": "~1.0.2"
          }
        },
        "assert": {
          "version": "1.5.0",
          "bundled": true,
          "requires": {
            "object-assign": "^4.1.1",
            "util": "0.10.3"
          }
        },
        "astral-regex": {
          "version": "1.0.0",
          "bundled": true
        },
        "balanced-match": {
          "version": "1.0.0",
          "bundled": true
        },
        "brace-expansion": {
          "version": "1.1.11",
          "bundled": true,
          "requires": {
            "balanced-match": "^1.0.0",
            "concat-map": "0.0.1"
          }
        },
        "browser-stdout": {
          "version": "1.3.1",
          "bundled": true
        },
        "callsites": {
          "version": "3.1.0",
          "bundled": true
        },
        "camelcase": {
          "version": "5.3.1",
          "bundled": true
        },
        "chalk": {
          "version": "2.4.2",
          "bundled": true,
          "requires": {
            "ansi-styles": "^3.2.1",
            "escape-string-regexp": "^1.0.5",
            "supports-color": "^5.3.0"
          }
        },
        "chardet": {
          "version": "0.7.0",
          "bundled": true
        },
        "cli-cursor": {
          "version": "3.1.0",
          "bundled": true,
          "requires": {
            "restore-cursor": "^3.1.0"
          }
        },
        "cli-width": {
          "version": "2.2.0",
          "bundled": true
        },
        "cliui": {
          "version": "4.1.0",
          "bundled": true,
          "requires": {
            "string-width": "^2.1.1",
            "strip-ansi": "^4.0.0",
            "wrap-ansi": "^2.0.0"
          },
          "dependencies": {
            "is-fullwidth-code-point": {
              "version": "2.0.0",
              "bundled": true
            },
            "string-width": {
              "version": "2.1.1",
              "bundled": true,
              "requires": {
                "is-fullwidth-code-point": "^2.0.0",
                "strip-ansi": "^4.0.0"
              }
            }
          }
        },
        "code-point-at": {
          "version": "1.1.0",
          "bundled": true
        },
        "color-convert": {
          "version": "1.9.3",
          "bundled": true,
          "requires": {
            "color-name": "1.1.3"
          }
        },
        "color-name": {
          "version": "1.1.3",
          "bundled": true
        },
        "concat-map": {
          "version": "0.0.1",
          "bundled": true
        },
        "cross-spawn": {
          "version": "6.0.5",
          "bundled": true,
          "requires": {
            "nice-try": "^1.0.4",
            "path-key": "^2.0.1",
            "semver": "^5.5.0",
            "shebang-command": "^1.2.0",
            "which": "^1.2.9"
          }
        },
        "debug": {
          "version": "4.1.1",
          "bundled": true,
          "requires": {
            "ms": "^2.1.1"
          }
        },
        "decamelize": {
          "version": "1.2.0",
          "bundled": true
        },
        "deep-is": {
          "version": "0.1.3",
          "bundled": true
        },
        "define-properties": {
          "version": "1.1.3",
          "bundled": true,
          "requires": {
            "object-keys": "^1.0.12"
          }
        },
        "diff": {
          "version": "3.5.0",
          "bundled": true
        },
        "doctrine": {
          "version": "3.0.0",
          "bundled": true,
          "requires": {
            "esutils": "^2.0.2"
          }
        },
        "emoji-regex": {
          "version": "8.0.0",
          "bundled": true
        },
        "end-of-stream": {
          "version": "1.4.1",
          "bundled": true,
          "requires": {
            "once": "^1.4.0"
          }
        },
        "es-abstract": {
          "version": "1.13.0",
          "bundled": true,
          "requires": {
            "es-to-primitive": "^1.2.0",
            "function-bind": "^1.1.1",
            "has": "^1.0.3",
            "is-callable": "^1.1.4",
            "is-regex": "^1.0.4",
            "object-keys": "^1.0.12"
          }
        },
        "es-to-primitive": {
          "version": "1.2.0",
          "bundled": true,
          "requires": {
            "is-callable": "^1.1.4",
            "is-date-object": "^1.0.1",
            "is-symbol": "^1.0.2"
          }
        },
        "escape-string-regexp": {
          "version": "1.0.5",
          "bundled": true
        },
        "eslint": {
          "version": "5.16.0",
          "bundled": true,
          "requires": {
            "@babel/code-frame": "^7.0.0",
            "ajv": "^6.9.1",
            "chalk": "^2.1.0",
            "cross-spawn": "^6.0.5",
            "debug": "^4.0.1",
            "doctrine": "^3.0.0",
            "eslint-scope": "^4.0.3",
            "eslint-utils": "^1.3.1",
            "eslint-visitor-keys": "^1.0.0",
            "espree": "^5.0.1",
            "esquery": "^1.0.1",
            "esutils": "^2.0.2",
            "file-entry-cache": "^5.0.1",
            "functional-red-black-tree": "^1.0.1",
            "glob": "^7.1.2",
            "globals": "^11.7.0",
            "ignore": "^4.0.6",
            "import-fresh": "^3.0.0",
            "imurmurhash": "^0.1.4",
            "inquirer": "^6.2.2",
            "js-yaml": "^3.13.0",
            "json-stable-stringify-without-jsonify": "^1.0.1",
            "levn": "^0.3.0",
            "lodash": "^4.17.11",
            "minimatch": "^3.0.4",
            "mkdirp": "^0.5.1",
            "natural-compare": "^1.4.0",
            "optionator": "^0.8.2",
            "path-is-inside": "^1.0.2",
            "progress": "^2.0.0",
            "regexpp": "^2.0.1",
            "semver": "^5.5.1",
            "strip-ansi": "^4.0.0",
            "strip-json-comments": "^2.0.1",
            "table": "^5.2.3",
            "text-table": "^0.2.0"
          }
        },
        "eslint-scope": {
          "version": "4.0.3",
          "bundled": true,
          "requires": {
            "esrecurse": "^4.1.0",
            "estraverse": "^4.1.1"
          }
        },
        "eslint-utils": {
          "version": "1.4.0",
          "bundled": true,
          "requires": {
            "eslint-visitor-keys": "^1.0.0"
          }
        },
        "eslint-visitor-keys": {
          "version": "1.1.0",
          "bundled": true
        },
        "espree": {
          "version": "5.0.1",
          "bundled": true,
          "requires": {
            "acorn": "^6.0.7",
            "acorn-jsx": "^5.0.0",
            "eslint-visitor-keys": "^1.0.0"
          }
        },
        "esprima": {
          "version": "4.0.1",
          "bundled": true
        },
        "esquery": {
          "version": "1.0.1",
          "bundled": true,
          "requires": {
            "estraverse": "^4.0.0"
          }
        },
        "esrecurse": {
          "version": "4.2.1",
          "bundled": true,
          "requires": {
            "estraverse": "^4.1.0"
          }
        },
        "estraverse": {
          "version": "4.3.0",
          "bundled": true
        },
        "esutils": {
          "version": "2.0.3",
          "bundled": true
        },
        "execa": {
          "version": "1.0.0",
          "bundled": true,
          "requires": {
            "cross-spawn": "^6.0.0",
            "get-stream": "^4.0.0",
            "is-stream": "^1.1.0",
            "npm-run-path": "^2.0.0",
            "p-finally": "^1.0.0",
            "signal-exit": "^3.0.0",
            "strip-eof": "^1.0.0"
          }
        },
        "external-editor": {
          "version": "3.1.0",
          "bundled": true,
          "requires": {
            "chardet": "^0.7.0",
            "iconv-lite": "^0.4.24",
            "tmp": "^0.0.33"
          }
        },
        "fast-deep-equal": {
          "version": "2.0.1",
          "bundled": true
        },
        "fast-json-stable-stringify": {
          "version": "2.0.0",
          "bundled": true
        },
        "fast-levenshtein": {
          "version": "2.0.6",
          "bundled": true
        },
        "figures": {
          "version": "3.0.0",
          "bundled": true,
          "requires": {
            "escape-string-regexp": "^1.0.5"
          }
        },
        "file-entry-cache": {
          "version": "5.0.1",
          "bundled": true,
          "requires": {
            "flat-cache": "^2.0.1"
          }
        },
        "find-up": {
          "version": "3.0.0",
          "bundled": true,
          "requires": {
            "locate-path": "^3.0.0"
          }
        },
        "flat": {
          "version": "4.1.0",
          "bundled": true,
          "requires": {
            "is-buffer": "~2.0.3"
          }
        },
        "flat-cache": {
          "version": "2.0.1",
          "bundled": true,
          "requires": {
            "flatted": "^2.0.0",
            "rimraf": "2.6.3",
            "write": "1.0.3"
          }
        },
        "flatted": {
          "version": "2.0.1",
          "bundled": true
        },
        "fs.realpath": {
          "version": "1.0.0",
          "bundled": true
        },
        "function-bind": {
          "version": "1.1.1",
          "bundled": true
        },
        "functional-red-black-tree": {
          "version": "1.0.1",
          "bundled": true
        },
        "get-caller-file": {
          "version": "2.0.5",
          "bundled": true
        },
        "get-stream": {
          "version": "4.1.0",
          "bundled": true,
          "requires": {
            "pump": "^3.0.0"
          }
        },
        "glob": {
          "version": "7.1.4",
          "bundled": true,
          "requires": {
            "fs.realpath": "^1.0.0",
            "inflight": "^1.0.4",
            "inherits": "2",
            "minimatch": "^3.0.4",
            "once": "^1.3.0",
            "path-is-absolute": "^1.0.0"
          }
        },
        "globals": {
          "version": "11.12.0",
          "bundled": true
        },
        "growl": {
          "version": "1.10.5",
          "bundled": true
        },
        "has": {
          "version": "1.0.3",
          "bundled": true,
          "requires": {
            "function-bind": "^1.1.1"
          }
        },
        "has-flag": {
          "version": "3.0.0",
          "bundled": true
        },
        "has-symbols": {
          "version": "1.0.0",
          "bundled": true
        },
        "he": {
          "version": "1.2.0",
          "bundled": true
        },
        "iconv-lite": {
          "version": "0.4.24",
          "bundled": true,
          "requires": {
            "safer-buffer": ">= 2.1.2 < 3"
          }
        },
        "ignore": {
          "version": "4.0.6",
          "bundled": true
        },
        "import-fresh": {
          "version": "3.1.0",
          "bundled": true,
          "requires": {
            "parent-module": "^1.0.0",
            "resolve-from": "^4.0.0"
          }
        },
        "imurmurhash": {
          "version": "0.1.4",
          "bundled": true
        },
        "inflight": {
          "version": "1.0.6",
          "bundled": true,
          "requires": {
            "once": "^1.3.0",
            "wrappy": "1"
          }
        },
        "inherits": {
          "version": "2.0.1",
          "bundled": true
        },
        "inquirer": {
          "version": "6.5.1",
          "bundled": true,
          "requires": {
            "ansi-escapes": "^4.2.1",
            "chalk": "^2.4.2",
            "cli-cursor": "^3.1.0",
            "cli-width": "^2.0.0",
            "external-editor": "^3.0.3",
            "figures": "^3.0.0",
            "lodash": "^4.17.15",
            "mute-stream": "0.0.8",
            "run-async": "^2.2.0",
            "rxjs": "^6.4.0",
            "string-width": "^4.1.0",
            "strip-ansi": "^5.1.0",
            "through": "^2.3.6"
          },
          "dependencies": {
            "strip-ansi": {
              "version": "5.2.0",
              "bundled": true,
              "requires": {
                "ansi-regex": "^4.1.0"
              }
            }
          }
        },
        "invert-kv": {
          "version": "2.0.0",
          "bundled": true
        },
        "is-buffer": {
          "version": "2.0.3",
          "bundled": true
        },
        "is-callable": {
          "version": "1.1.4",
          "bundled": true
        },
        "is-date-object": {
          "version": "1.0.1",
          "bundled": true
        },
        "is-fullwidth-code-point": {
          "version": "3.0.0",
          "bundled": true
        },
        "is-promise": {
          "version": "2.1.0",
          "bundled": true
        },
        "is-regex": {
          "version": "1.0.4",
          "bundled": true,
          "requires": {
            "has": "^1.0.1"
          }
        },
        "is-stream": {
          "version": "1.1.0",
          "bundled": true
        },
        "is-symbol": {
          "version": "1.0.2",
          "bundled": true,
          "requires": {
            "has-symbols": "^1.0.0"
          }
        },
        "isexe": {
          "version": "2.0.0",
          "bundled": true
        },
        "js-tokens": {
          "version": "4.0.0",
          "bundled": true
        },
        "js-yaml": {
          "version": "3.13.1",
          "bundled": true,
          "requires": {
            "argparse": "^1.0.7",
            "esprima": "^4.0.0"
          }
        },
        "json-schema-traverse": {
          "version": "0.4.1",
          "bundled": true
        },
        "json-stable-stringify-without-jsonify": {
          "version": "1.0.1",
          "bundled": true
        },
        "lcid": {
          "version": "2.0.0",
          "bundled": true,
          "requires": {
            "invert-kv": "^2.0.0"
          }
        },
        "levn": {
          "version": "0.3.0",
          "bundled": true,
          "requires": {
            "prelude-ls": "~1.1.2",
            "type-check": "~0.3.2"
          }
        },
        "locate-path": {
          "version": "3.0.0",
          "bundled": true,
          "requires": {
            "p-locate": "^3.0.0",
            "path-exists": "^3.0.0"
          }
        },
        "lodash": {
          "version": "4.17.15",
          "bundled": true
        },
        "log-symbols": {
          "version": "2.2.0",
          "bundled": true,
          "requires": {
            "chalk": "^2.0.1"
          }
        },
        "map-age-cleaner": {
          "version": "0.1.3",
          "bundled": true,
          "requires": {
            "p-defer": "^1.0.0"
          }
        },
        "mem": {
          "version": "4.3.0",
          "bundled": true,
          "requires": {
            "map-age-cleaner": "^0.1.1",
            "mimic-fn": "^2.0.0",
            "p-is-promise": "^2.0.0"
          }
        },
        "mimic-fn": {
          "version": "2.1.0",
          "bundled": true
        },
        "minimatch": {
          "version": "3.0.4",
          "bundled": true,
          "requires": {
            "brace-expansion": "^1.1.7"
          }
        },
        "minimist": {
          "version": "0.0.8",
          "bundled": true
        },
        "mkdirp": {
          "version": "0.5.1",
          "bundled": true,
          "requires": {
            "minimist": "0.0.8"
          }
        },
        "mocha": {
          "version": "6.2.0",
          "bundled": true,
          "requires": {
            "ansi-colors": "3.2.3",
            "browser-stdout": "1.3.1",
            "debug": "3.2.6",
            "diff": "3.5.0",
            "escape-string-regexp": "1.0.5",
            "find-up": "3.0.0",
            "glob": "7.1.3",
            "growl": "1.10.5",
            "he": "1.2.0",
            "js-yaml": "3.13.1",
            "log-symbols": "2.2.0",
            "minimatch": "3.0.4",
            "mkdirp": "0.5.1",
            "ms": "2.1.1",
            "node-environment-flags": "1.0.5",
            "object.assign": "4.1.0",
            "strip-json-comments": "2.0.1",
            "supports-color": "6.0.0",
            "which": "1.3.1",
            "wide-align": "1.1.3",
            "yargs": "13.2.2",
            "yargs-parser": "13.0.0",
            "yargs-unparser": "1.5.0"
          },
          "dependencies": {
            "debug": {
              "version": "3.2.6",
              "bundled": true,
              "requires": {
                "ms": "^2.1.1"
              }
            },
            "glob": {
              "version": "7.1.3",
              "bundled": true,
              "requires": {
                "fs.realpath": "^1.0.0",
                "inflight": "^1.0.4",
                "inherits": "2",
                "minimatch": "^3.0.4",
                "once": "^1.3.0",
                "path-is-absolute": "^1.0.0"
              }
            },
            "ms": {
              "version": "2.1.1",
              "bundled": true
            },
            "supports-color": {
              "version": "6.0.0",
              "bundled": true,
              "requires": {
                "has-flag": "^3.0.0"
              }
            }
          }
        },
        "ms": {
          "version": "2.1.2",
          "bundled": true
        },
        "mute-stream": {
          "version": "0.0.8",
          "bundled": true
        },
        "natural-compare": {
          "version": "1.4.0",
          "bundled": true
        },
        "nice-try": {
          "version": "1.0.5",
          "bundled": true
        },
        "node-environment-flags": {
          "version": "1.0.5",
          "bundled": true,
          "requires": {
            "object.getownpropertydescriptors": "^2.0.3",
            "semver": "^5.7.0"
          }
        },
        "npm-run-path": {
          "version": "2.0.2",
          "bundled": true,
          "requires": {
            "path-key": "^2.0.0"
          }
        },
        "number-is-nan": {
          "version": "1.0.1",
          "bundled": true
        },
        "object-assign": {
          "version": "4.1.1",
          "bundled": true
        },
        "object-keys": {
          "version": "1.1.1",
          "bundled": true
        },
        "object.assign": {
          "version": "4.1.0",
          "bundled": true,
          "requires": {
            "define-properties": "^1.1.2",
            "function-bind": "^1.1.1",
            "has-symbols": "^1.0.0",
            "object-keys": "^1.0.11"
          }
        },
        "object.getownpropertydescriptors": {
          "version": "2.0.3",
          "bundled": true,
          "requires": {
            "define-properties": "^1.1.2",
            "es-abstract": "^1.5.1"
          }
        },
        "once": {
          "version": "1.4.0",
          "bundled": true,
          "requires": {
            "wrappy": "1"
          }
        },
        "onetime": {
          "version": "5.1.0",
          "bundled": true,
          "requires": {
            "mimic-fn": "^2.1.0"
          }
        },
        "optionator": {
          "version": "0.8.2",
          "bundled": true,
          "requires": {
            "deep-is": "~0.1.3",
            "fast-levenshtein": "~2.0.4",
            "levn": "~0.3.0",
            "prelude-ls": "~1.1.2",
            "type-check": "~0.3.2",
            "wordwrap": "~1.0.0"
          }
        },
        "os-locale": {
          "version": "3.1.0",
          "bundled": true,
          "requires": {
            "execa": "^1.0.0",
            "lcid": "^2.0.0",
            "mem": "^4.0.0"
          }
        },
        "os-tmpdir": {
          "version": "1.0.2",
          "bundled": true
        },
        "p-defer": {
          "version": "1.0.0",
          "bundled": true
        },
        "p-finally": {
          "version": "1.0.0",
          "bundled": true
        },
        "p-is-promise": {
          "version": "2.1.0",
          "bundled": true
        },
        "p-limit": {
          "version": "2.2.0",
          "bundled": true,
          "requires": {
            "p-try": "^2.0.0"
          }
        },
        "p-locate": {
          "version": "3.0.0",
          "bundled": true,
          "requires": {
            "p-limit": "^2.0.0"
          }
        },
        "p-try": {
          "version": "2.2.0",
          "bundled": true
        },
        "parent-module": {
          "version": "1.0.1",
          "bundled": true,
          "requires": {
            "callsites": "^3.0.0"
          }
        },
        "path-exists": {
          "version": "3.0.0",
          "bundled": true
        },
        "path-is-absolute": {
          "version": "1.0.1",
          "bundled": true
        },
        "path-is-inside": {
          "version": "1.0.2",
          "bundled": true
        },
        "path-key": {
          "version": "2.0.1",
          "bundled": true
        },
        "prelude-ls": {
          "version": "1.1.2",
          "bundled": true
        },
        "progress": {
          "version": "2.0.3",
          "bundled": true
        },
        "pump": {
          "version": "3.0.0",
          "bundled": true,
          "requires": {
            "end-of-stream": "^1.1.0",
            "once": "^1.3.1"
          }
        },
        "punycode": {
          "version": "2.1.1",
          "bundled": true
        },
        "regexpp": {
          "version": "2.0.1",
          "bundled": true
        },
        "require-directory": {
          "version": "2.1.1",
          "bundled": true
        },
        "require-main-filename": {
          "version": "2.0.0",
          "bundled": true
        },
        "resolve-from": {
          "version": "4.0.0",
          "bundled": true
        },
        "restore-cursor": {
          "version": "3.1.0",
          "bundled": true,
          "requires": {
            "onetime": "^5.1.0",
            "signal-exit": "^3.0.2"
          }
        },
        "rimraf": {
          "version": "2.6.3",
          "bundled": true,
          "requires": {
            "glob": "^7.1.3"
          }
        },
        "run-async": {
          "version": "2.3.0",
          "bundled": true,
          "requires": {
            "is-promise": "^2.1.0"
          }
        },
        "rxjs": {
          "version": "6.5.2",
          "bundled": true,
          "requires": {
            "tslib": "^1.9.0"
          }
        },
        "safer-buffer": {
          "version": "2.1.2",
          "bundled": true
        },
        "semver": {
          "version": "5.7.1",
          "bundled": true
        },
        "set-blocking": {
          "version": "2.0.0",
          "bundled": true
        },
        "shebang-command": {
          "version": "1.2.0",
          "bundled": true,
          "requires": {
            "shebang-regex": "^1.0.0"
          }
        },
        "shebang-regex": {
          "version": "1.0.0",
          "bundled": true
        },
        "signal-exit": {
          "version": "3.0.2",
          "bundled": true
        },
        "slice-ansi": {
          "version": "2.1.0",
          "bundled": true,
          "requires": {
            "ansi-styles": "^3.2.0",
            "astral-regex": "^1.0.0",
            "is-fullwidth-code-point": "^2.0.0"
          },
          "dependencies": {
            "is-fullwidth-code-point": {
              "version": "2.0.0",
              "bundled": true
            }
          }
        },
        "sprintf-js": {
          "version": "1.0.3",
          "bundled": true
        },
        "string-width": {
          "version": "4.1.0",
          "bundled": true,
          "requires": {
            "emoji-regex": "^8.0.0",
            "is-fullwidth-code-point": "^3.0.0",
            "strip-ansi": "^5.2.0"
          },
          "dependencies": {
            "strip-ansi": {
              "version": "5.2.0",
              "bundled": true,
              "requires": {
                "ansi-regex": "^4.1.0"
              }
            }
          }
        },
        "strip-ansi": {
          "version": "4.0.0",
          "bundled": true,
          "requires": {
            "ansi-regex": "^3.0.0"
          },
          "dependencies": {
            "ansi-regex": {
              "version": "3.0.0",
              "bundled": true
            }
          }
        },
        "strip-eof": {
          "version": "1.0.0",
          "bundled": true
        },
        "strip-json-comments": {
          "version": "2.0.1",
          "bundled": true
        },
        "supports-color": {
          "version": "5.5.0",
          "bundled": true,
          "requires": {
            "has-flag": "^3.0.0"
          }
        },
        "table": {
          "version": "5.4.6",
          "bundled": true,
          "requires": {
            "ajv": "^6.10.2",
            "lodash": "^4.17.14",
            "slice-ansi": "^2.1.0",
            "string-width": "^3.0.0"
          },
          "dependencies": {
            "emoji-regex": {
              "version": "7.0.3",
              "bundled": true
            },
            "is-fullwidth-code-point": {
              "version": "2.0.0",
              "bundled": true
            },
            "string-width": {
              "version": "3.1.0",
              "bundled": true,
              "requires": {
                "emoji-regex": "^7.0.1",
                "is-fullwidth-code-point": "^2.0.0",
                "strip-ansi": "^5.1.0"
              }
            },
            "strip-ansi": {
              "version": "5.2.0",
              "bundled": true,
              "requires": {
                "ansi-regex": "^4.1.0"
              }
            }
          }
        },
        "text-table": {
          "version": "0.2.0",
          "bundled": true
        },
        "through": {
          "version": "2.3.8",
          "bundled": true
        },
        "tmp": {
          "version": "0.0.33",
          "bundled": true,
          "requires": {
            "os-tmpdir": "~1.0.2"
          }
        },
        "tslib": {
          "version": "1.10.0",
          "bundled": true
        },
        "type-check": {
          "version": "0.3.2",
          "bundled": true,
          "requires": {
            "prelude-ls": "~1.1.2"
          }
        },
        "type-fest": {
          "version": "0.5.2",
          "bundled": true
        },
        "uri-js": {
          "version": "4.2.2",
          "bundled": true,
          "requires": {
            "punycode": "^2.1.0"
          }
        },
        "util": {
          "version": "0.10.3",
          "bundled": true,
          "requires": {
            "inherits": "2.0.1"
          }
        },
        "which": {
          "version": "1.3.1",
          "bundled": true,
          "requires": {
            "isexe": "^2.0.0"
          }
        },
        "which-module": {
          "version": "2.0.0",
          "bundled": true
        },
        "wide-align": {
          "version": "1.1.3",
          "bundled": true,
          "requires": {
            "string-width": "^1.0.2 || 2"
          },
          "dependencies": {
            "is-fullwidth-code-point": {
              "version": "2.0.0",
              "bundled": true
            },
            "string-width": {
              "version": "2.1.1",
              "bundled": true,
              "requires": {
                "is-fullwidth-code-point": "^2.0.0",
                "strip-ansi": "^4.0.0"
              }
            }
          }
        },
        "wordwrap": {
          "version": "1.0.0",
          "bundled": true
        },
        "wrap-ansi": {
          "version": "2.1.0",
          "bundled": true,
          "requires": {
            "string-width": "^1.0.1",
            "strip-ansi": "^3.0.1"
          },
          "dependencies": {
            "ansi-regex": {
              "version": "2.1.1",
              "bundled": true
            },
            "is-fullwidth-code-point": {
              "version": "1.0.0",
              "bundled": true,
              "requires": {
                "number-is-nan": "^1.0.0"
              }
            },
            "string-width": {
              "version": "1.0.2",
              "bundled": true,
              "requires": {
                "code-point-at": "^1.0.0",
                "is-fullwidth-code-point": "^1.0.0",
                "strip-ansi": "^3.0.0"
              }
            },
            "strip-ansi": {
              "version": "3.0.1",
              "bundled": true,
              "requires": {
                "ansi-regex": "^2.0.0"
              }
            }
          }
        },
        "wrappy": {
          "version": "1.0.2",
          "bundled": true
        },
        "write": {
          "version": "1.0.3",
          "bundled": true,
          "requires": {
            "mkdirp": "^0.5.1"
          }
        },
        "y18n": {
          "version": "4.0.0",
          "bundled": true
        },
        "yargs": {
          "version": "13.2.2",
          "bundled": true,
          "requires": {
            "cliui": "^4.0.0",
            "find-up": "^3.0.0",
            "get-caller-file": "^2.0.1",
            "os-locale": "^3.1.0",
            "require-directory": "^2.1.1",
            "require-main-filename": "^2.0.0",
            "set-blocking": "^2.0.0",
            "string-width": "^3.0.0",
            "which-module": "^2.0.0",
            "y18n": "^4.0.0",
            "yargs-parser": "^13.0.0"
          },
          "dependencies": {
            "emoji-regex": {
              "version": "7.0.3",
              "bundled": true
            },
            "is-fullwidth-code-point": {
              "version": "2.0.0",
              "bundled": true
            },
            "string-width": {
              "version": "3.1.0",
              "bundled": true,
              "requires": {
                "emoji-regex": "^7.0.1",
                "is-fullwidth-code-point": "^2.0.0",
                "strip-ansi": "^5.1.0"
              }
            },
            "strip-ansi": {
              "version": "5.2.0",
              "bundled": true,
              "requires": {
                "ansi-regex": "^4.1.0"
              }
            }
          }
        },
        "yargs-parser": {
          "version": "13.0.0",
          "bundled": true,
          "requires": {
            "camelcase": "^5.0.0",
            "decamelize": "^1.2.0"
          }
        },
        "yargs-unparser": {
          "version": "1.5.0",
          "bundled": true,
          "requires": {
            "flat": "^4.1.0",
            "lodash": "^4.17.11",
            "yargs": "^12.0.5"
          },
          "dependencies": {
            "get-caller-file": {
              "version": "1.0.3",
              "bundled": true
            },
            "is-fullwidth-code-point": {
              "version": "2.0.0",
              "bundled": true
            },
            "require-main-filename": {
              "version": "1.0.1",
              "bundled": true
            },
            "string-width": {
              "version": "2.1.1",
              "bundled": true,
              "requires": {
                "is-fullwidth-code-point": "^2.0.0",
                "strip-ansi": "^4.0.0"
              }
            },
            "yargs": {
              "version": "12.0.5",
              "bundled": true,
              "requires": {
                "cliui": "^4.0.0",
                "decamelize": "^1.2.0",
                "find-up": "^3.0.0",
                "get-caller-file": "^1.0.1",
                "os-locale": "^3.0.0",
                "require-directory": "^2.1.1",
                "require-main-filename": "^1.0.1",
                "set-blocking": "^2.0.0",
                "string-width": "^2.0.0",
                "which-module": "^2.0.0",
                "y18n": "^3.2.1 || ^4.0.0",
                "yargs-parser": "^11.1.1"
              }
            },
            "yargs-parser": {
              "version": "11.1.1",
              "bundled": true,
              "requires": {
                "camelcase": "^5.0.0",
                "decamelize": "^1.2.0"
              }
            }
          }
        }
      }
    },
    "regenerator-runtime": {
      "version": "0.10.5",
      "resolved": "https://registry.npmjs.org/regenerator-runtime/-/regenerator-runtime-0.10.5.tgz",
      "integrity": "sha1-M2w+/BIgrc7dosn6tntaeVWjNlg="
    },
    "safer-buffer": {
      "version": "2.1.2",
      "resolved": "https://registry.npmjs.org/safer-buffer/-/safer-buffer-2.1.2.tgz",
      "integrity": "sha512-YZo3K82SD7Riyi0E1EQPojLz7kpepnSQI9IyPbHHg1XXXevb5dJI7tpyN2ADxGcQbHG7vcyRHk0cbwqcQriUtg=="
    },
    "slugify": {
      "version": "1.3.4",
      "resolved": "https://registry.npmjs.org/slugify/-/slugify-1.3.4.tgz",
      "integrity": "sha512-KP0ZYk5hJNBS8/eIjGkFDCzGQIoZ1mnfQRYS5WM3273z+fxGWXeN0fkwf2ebEweydv9tioZIHGZKoF21U07/nw=="
    },
    "to-querystring": {
      "version": "1.1.0",
      "resolved": "https://registry.npmjs.org/to-querystring/-/to-querystring-1.1.0.tgz",
      "integrity": "sha512-nlYTDlLrE9+JJlEcoqEvOytgReSG4z8+hdHeSO8+WF4VLzF7sY5KFyIGvCEWJc0bROdMJsyhOnbPEb5R2LOI8A=="
    },
    "toggle-selection": {
      "version": "1.0.6",
      "resolved": "https://registry.npmjs.org/toggle-selection/-/toggle-selection-1.0.6.tgz",
      "integrity": "sha1-bkWxJj8gF/oKzH2J14sVuL932jI="
    },
    "url-pattern": {
      "version": "1.0.3",
      "resolved": "https://registry.npmjs.org/url-pattern/-/url-pattern-1.0.3.tgz",
      "integrity": "sha1-BAkpJHGyTyPFDWWkeTF5PStaz8E="
    },
    "whatwg-fetch": {
      "version": "3.0.0",
      "resolved": "https://registry.npmjs.org/whatwg-fetch/-/whatwg-fetch-3.0.0.tgz",
      "integrity": "sha512-9GSJUgz1D4MfyKU7KRqwOjXCXTqWdFNvEr7eUBYchQiVc744mqK/MzXPNR2WsPkmkOa4ywfg8C2n8h+13Bey1Q=="
    }
  }
}
